
Microsoft Visual Studio Solution File, Format Version 12.00
# Visual Studio Version 16
VisualStudioVersion = 16.0.31005.135
MinimumVisualStudioVersion = 10.0.40219.1
Project("{FAE04EC0-301F-11D3-BF4B-00C04F79EFBC}") = "myFirstCS", "myFirstCS\myFirstCS.csproj", "{88EF3FA7-46FB-476E-8080-BE236D21AEE2}"
EndProject
Project("{FAE04EC0-301F-11D3-BF4B-00C04F79EFBC}") = "Exercise1", "Exercise1\Exercise1.csproj", "{65B4E6F6-588F-4513-96A0-8E4D9FDFE94E}"
EndProject
Project("{FAE04EC0-301F-11D3-BF4B-00C04F79EFBC}") = "fromLecture15", "fromLecture15\fromLecture15.csproj", "{E2558ED9-909A-4804-9455-5114A00D25F8}"
EndProject
Project("{FAE04EC0-301F-11D3-BF4B-00C04F79EFBC}") = "Exercise2", "Exercise2\Exercise2.csproj", "{C3FDDB0E-0CFA-4334-B8B7-77784500FC63}"
EndProject
Global
	GlobalSection(SolutionConfigurationPlatforms) = preSolution
		Debug|Any CPU = Debug|Any CPU
		Release|Any CPU = Release|Any CPU
	EndGlobalSection
	GlobalSection(ProjectConfigurationPlatforms) = postSolution
		{88EF3FA7-46FB-476E-8080-BE236D21AEE2}.Debug|Any CPU.ActiveCfg = Debug|Any CPU
		{88EF3FA7-46FB-476E-8080-BE236D21AEE2}.Debug|Any CPU.Build.0 = Debug|Any CPU
		{88EF3FA7-46FB-476E-8080-BE236D21AEE2}.Release|Any CPU.ActiveCfg = Release|Any CPU
		{88EF3FA7-46FB-476E-8080-BE236D21AEE2}.Release|Any CPU.Build.0 = Release|Any CPU
		{65B4E6F6-588F-4513-96A0-8E4D9FDFE94E}.Debug|Any CPU.ActiveCfg = Debug|Any CPU
		{65B4E6F6-588F-4513-96A0-8E4D9FDFE94E}.Debug|Any CPU.Build.0 = Debug|Any CPU
		{65B4E6F6-588F-4513-96A0-8E4D9FDFE94E}.Release|Any CPU.ActiveCfg = Release|Any CPU
		{65B4E6F6-588F-4513-96A0-8E4D9FDFE94E}.Release|Any CPU.Build.0 = Release|Any CPU
		{E2558ED9-909A-4804-9455-5114A00D25F8}.Debug|Any CPU.ActiveCfg = Debug|Any CPU
		{E2558ED9-909A-4804-9455-5114A00D25F8}.Debug|Any CPU.Build.0 = Debug|Any CPU
		{E2558ED9-909A-4804-9455-5114A00D25F8}.Release|Any CPU.ActiveCfg = Release|Any CPU
		{E2558ED9-909A-4804-9455-5114A00D25F8}.Release|Any CPU.Build.0 = Release|Any CPU
		{C3FDDB0E-0CFA-4334-B8B7-77784500FC63}.Debug|Any CPU.ActiveCfg = Debug|Any CPU
		{C3FDDB0E-0CFA-4334-B8B7-77784500FC63}.Debug|Any CPU.Build.0 = Debug|Any CPU
		{C3FDDB0E-0CFA-4334-B8B7-77784500FC63}.Release|Any CPU.ActiveCfg = Release|Any CPU
		{C3FDDB0E-0CFA-4334-B8B7-77784500FC63}.Release|Any CPU.Build.0 = Release|Any CPU
	EndGlobalSection
	GlobalSection(SolutionProperties) = preSolution
		HideSolutionNode = FALSE
	EndGlobalSection
	GlobalSection(ExtensibilityGlobals) = postSolution
		SolutionGuid = {D558CE8B-5183-4CA2-9FB4-F247F4D86BD7}
	EndGlobalSection
EndGlobal
